
Microsoft Visual Studio Solution File, Format Version 12.00
# Visual Studio Version 17
VisualStudioVersion = 17.2.32616.157
MinimumVisualStudioVersion = 10.0.40219.1
Project("{FAE04EC0-301F-11D3-BF4B-00C04F79EFBC}") = "HelloWorldCW", "HelloWorldCW\HelloWorldCW.csproj", "{7AF066EE-CEE0-455A-A6A2-EEB924E54C54}"
EndProject
Project("{FAE04EC0-301F-11D3-BF4B-00C04F79EFBC}") = "HelloWorldCWL", "HelloWorldCWL\HelloWorldCWL.csproj", "{AEA5056D-DECE-46F7-82A8-2BD96BC21E32}"
EndProject
Global
	GlobalSection(SolutionConfigurationPlatforms) = preSolution
		Debug|Any CPU = Debug|Any CPU
		Release|Any CPU = Release|Any CPU
	EndGlobalSection
	GlobalSection(ProjectConfigurationPlatforms) = postSolution
		{7AF066EE-CEE0-455A-A6A2-EEB924E54C54}.Debug|Any CPU.ActiveCfg = Debug|Any CPU
		{7AF066EE-CEE0-455A-A6A2-EEB924E54C54}.Debug|Any CPU.Build.0 = Debug|Any CPU
		{7AF066EE-CEE0-455A-A6A2-EEB924E54C54}.Release|Any CPU.ActiveCfg = Release|Any CPU
		{7AF066EE-CEE0-455A-A6A2-EEB924E54C54}.Release|Any CPU.Build.0 = Release|Any CPU
		{AEA5056D-DECE-46F7-82A8-2BD96BC21E32}.Debug|Any CPU.ActiveCfg = Debug|Any CPU
		{AEA5056D-DECE-46F7-82A8-2BD96BC21E32}.Debug|Any CPU.Build.0 = Debug|Any CPU
		{AEA5056D-DECE-46F7-82A8-2BD96BC21E32}.Release|Any CPU.ActiveCfg = Release|Any CPU
		{AEA5056D-DECE-46F7-82A8-2BD96BC21E32}.Release|Any CPU.Build.0 = Release|Any CPU
	EndGlobalSection
	GlobalSection(SolutionProperties) = preSolution
		HideSolutionNode = FALSE
	EndGlobalSection
	GlobalSection(ExtensibilityGlobals) = postSolution
		SolutionGuid = {694BA630-E43C-4F47-91AA-4548CC4C012F}
	EndGlobalSection
EndGlobal
